
Microsoft Visual Studio Solution File, Format Version 12.00
# Visual Studio Version 17
VisualStudioVersion = 17.9.34616.47
MinimumVisualStudioVersion = 10.0.40219.1
Project("{9A19103F-16F7-4668-BE54-9A1E7A4F7556}") = "NetReactMonolith", "NetReactMonolith\NetReactMonolith.csproj", "{422BC6BD-FBFD-4391-B359-739A605978AC}"
EndProject
Project("{9A19103F-16F7-4668-BE54-9A1E7A4F7556}") = "Models", "Models\Models.csproj", "{05868F2B-B524-4958-9F99-F8F291E2266A}"
EndProject
Project("{2150E333-8FDC-42A3-9474-1A3956D46DE8}") = "Files", "Files", "{05A11332-5707-4DD1-9569-BADAFB5D9F0F}"
	ProjectSection(SolutionItems) = preProject
		docker-compose.yml = docker-compose.yml
	EndProjectSection
EndProject
Project("{FAE04EC0-301F-11D3-BF4B-00C04F79EFBC}") = "NetReact.AuthService", "NetReact.AuthService\NetReact.AuthService.csproj", "{2291AA27-1B6A-4BF0-AF9A-61BA466328EF}"
EndProject
Project("{FAE04EC0-301F-11D3-BF4B-00C04F79EFBC}") = "NetReact.ServiceSetup", "NetReact.ServiceSetup\NetReact.ServiceSetup.csproj", "{630CCC4E-4896-4227-A3C6-F9193CB0F10C}"
EndProject
Project("{FAE04EC0-301F-11D3-BF4B-00C04F79EFBC}") = "NetReact.MessagingService", "NetReact.MessagingService\NetReact.MessagingService.csproj", "{A77289CB-C88E-45B1-8CCE-2E89AE2172B1}"
EndProject
Global
	GlobalSection(SolutionConfigurationPlatforms) = preSolution
		Debug|Any CPU = Debug|Any CPU
		Release|Any CPU = Release|Any CPU
	EndGlobalSection
	GlobalSection(ProjectConfigurationPlatforms) = postSolution
		{422BC6BD-FBFD-4391-B359-739A605978AC}.Debug|Any CPU.ActiveCfg = Debug|Any CPU
		{422BC6BD-FBFD-4391-B359-739A605978AC}.Debug|Any CPU.Build.0 = Debug|Any CPU
		{422BC6BD-FBFD-4391-B359-739A605978AC}.Release|Any CPU.ActiveCfg = Release|Any CPU
		{422BC6BD-FBFD-4391-B359-739A605978AC}.Release|Any CPU.Build.0 = Release|Any CPU
		{05868F2B-B524-4958-9F99-F8F291E2266A}.Debug|Any CPU.ActiveCfg = Debug|Any CPU
		{05868F2B-B524-4958-9F99-F8F291E2266A}.Debug|Any CPU.Build.0 = Debug|Any CPU
		{05868F2B-B524-4958-9F99-F8F291E2266A}.Release|Any CPU.ActiveCfg = Release|Any CPU
		{05868F2B-B524-4958-9F99-F8F291E2266A}.Release|Any CPU.Build.0 = Release|Any CPU
		{2291AA27-1B6A-4BF0-AF9A-61BA466328EF}.Debug|Any CPU.ActiveCfg = Debug|Any CPU
		{2291AA27-1B6A-4BF0-AF9A-61BA466328EF}.Debug|Any CPU.Build.0 = Debug|Any CPU
		{2291AA27-1B6A-4BF0-AF9A-61BA466328EF}.Release|Any CPU.ActiveCfg = Release|Any CPU
		{2291AA27-1B6A-4BF0-AF9A-61BA466328EF}.Release|Any CPU.Build.0 = Release|Any CPU
		{630CCC4E-4896-4227-A3C6-F9193CB0F10C}.Debug|Any CPU.ActiveCfg = Debug|Any CPU
		{630CCC4E-4896-4227-A3C6-F9193CB0F10C}.Debug|Any CPU.Build.0 = Debug|Any CPU
		{630CCC4E-4896-4227-A3C6-F9193CB0F10C}.Release|Any CPU.ActiveCfg = Release|Any CPU
		{630CCC4E-4896-4227-A3C6-F9193CB0F10C}.Release|Any CPU.Build.0 = Release|Any CPU
		{A77289CB-C88E-45B1-8CCE-2E89AE2172B1}.Debug|Any CPU.ActiveCfg = Debug|Any CPU
		{A77289CB-C88E-45B1-8CCE-2E89AE2172B1}.Debug|Any CPU.Build.0 = Debug|Any CPU
		{A77289CB-C88E-45B1-8CCE-2E89AE2172B1}.Release|Any CPU.ActiveCfg = Release|Any CPU
		{A77289CB-C88E-45B1-8CCE-2E89AE2172B1}.Release|Any CPU.Build.0 = Release|Any CPU
	EndGlobalSection
	GlobalSection(SolutionProperties) = preSolution
		HideSolutionNode = FALSE
	EndGlobalSection
	GlobalSection(ExtensibilityGlobals) = postSolution
		SolutionGuid = {61B6E831-344F-44A2-9C3C-A82299E0CCAC}
	EndGlobalSection
EndGlobal
